
Microsoft Visual Studio Solution File, Format Version 12.00
# Visual Studio Version 16
VisualStudioVersion = 16.0.29728.190
MinimumVisualStudioVersion = 10.0.40219.1
Project("{9A19103F-16F7-4668-BE54-9A1E7A4F7556}") = "BlessedHomepage.API", "BlessedHomepage.API\BlessedHomepage.API.csproj", "{3A5AD665-4EEE-49C3-8181-A14798FDD12F}"
EndProject
Project("{FAE04EC0-301F-11D3-BF4B-00C04F79EFBC}") = "BlessedHomepage.Tests", "BlessedHomepage.Tests\BlessedHomepage.Tests.csproj", "{9FF51B86-460D-4229-B255-3EF04E1AC426}"
EndProject
Global
	GlobalSection(SolutionConfigurationPlatforms) = preSolution
		Debug|Any CPU = Debug|Any CPU
		Release|Any CPU = Release|Any CPU
	EndGlobalSection
	GlobalSection(ProjectConfigurationPlatforms) = postSolution
		{3A5AD665-4EEE-49C3-8181-A14798FDD12F}.Debug|Any CPU.ActiveCfg = Debug|Any CPU
		{3A5AD665-4EEE-49C3-8181-A14798FDD12F}.Debug|Any CPU.Build.0 = Debug|Any CPU
		{3A5AD665-4EEE-49C3-8181-A14798FDD12F}.Release|Any CPU.ActiveCfg = Release|Any CPU
		{3A5AD665-4EEE-49C3-8181-A14798FDD12F}.Release|Any CPU.Build.0 = Release|Any CPU
		{9FF51B86-460D-4229-B255-3EF04E1AC426}.Debug|Any CPU.ActiveCfg = Debug|Any CPU
		{9FF51B86-460D-4229-B255-3EF04E1AC426}.Debug|Any CPU.Build.0 = Debug|Any CPU
		{9FF51B86-460D-4229-B255-3EF04E1AC426}.Release|Any CPU.ActiveCfg = Release|Any CPU
		{9FF51B86-460D-4229-B255-3EF04E1AC426}.Release|Any CPU.Build.0 = Release|Any CPU
	EndGlobalSection
	GlobalSection(SolutionProperties) = preSolution
		HideSolutionNode = FALSE
	EndGlobalSection
	GlobalSection(ExtensibilityGlobals) = postSolution
		SolutionGuid = {F249E644-5457-43DE-83AE-4105E5C14E24}
	EndGlobalSection
EndGlobal
